<Solution>
  <Folder Name="/common/">
    <Project Path="Contracts/Contracts.csproj" Id="fbe502ef-8616-4278-970e-1bf2f7ba8e37" />
  </Folder>
  <Folder Name="/services/">
    <Project Path="QuestionService/QuestionService.csproj" Id="c5b941ee-1313-4a7b-8b27-300078b94be7" />
    <Project Path="SearchService/SearchService.csproj" Id="b3508d70-e540-4c3f-8904-26d8872004b9" />
  </Folder>
  <Project Path="Overflow.AppHost/Overflow.AppHost.csproj" Id="b3b7a75d-f298-4fb8-acd7-b2f0c7a0d880" />
  <Project Path="Overflow.ServiceDefaults/Overflow.ServiceDefaults.csproj" />
</Solution>
